
Microsoft Visual Studio Solution File, Format Version 12.00
# Visual Studio Version 16
VisualStudioVersion = 16.0.31613.86
MinimumVisualStudioVersion = 10.0.40219.1
Project("{FAE04EC0-301F-11D3-BF4B-00C04F79EFBC}") = "DeliVeggieApp.APIGateway", "DeliVeggieApp.APIGateway\DeliVeggieApp.APIGateway.csproj", "{3CD4175A-9E8F-4E2B-BE4C-0A6F3262047D}"
EndProject
Global
	GlobalSection(SolutionConfigurationPlatforms) = preSolution
		Debug|Any CPU = Debug|Any CPU
		Release|Any CPU = Release|Any CPU
	EndGlobalSection
	GlobalSection(ProjectConfigurationPlatforms) = postSolution
		{3CD4175A-9E8F-4E2B-BE4C-0A6F3262047D}.Debug|Any CPU.ActiveCfg = Debug|Any CPU
		{3CD4175A-9E8F-4E2B-BE4C-0A6F3262047D}.Debug|Any CPU.Build.0 = Debug|Any CPU
		{3CD4175A-9E8F-4E2B-BE4C-0A6F3262047D}.Release|Any CPU.ActiveCfg = Release|Any CPU
		{3CD4175A-9E8F-4E2B-BE4C-0A6F3262047D}.Release|Any CPU.Build.0 = Release|Any CPU
	EndGlobalSection
	GlobalSection(SolutionProperties) = preSolution
		HideSolutionNode = FALSE
	EndGlobalSection
	GlobalSection(ExtensibilityGlobals) = postSolution
		SolutionGuid = {1306F906-AA65-49CF-978B-6FFC8293F3B9}
	EndGlobalSection
EndGlobal
